
Microsoft Visual Studio Solution File, Format Version 12.00
# Visual Studio Version 17
VisualStudioVersion = 17.3.32804.467
MinimumVisualStudioVersion = 10.0.40219.1
Project("{FAE04EC0-301F-11D3-BF4B-00C04F79EFBC}") = "MaterialDesignCRUDApp", "MaterialDesignCRUDApp\MaterialDesignCRUDApp.csproj", "{01D1D753-0FE5-43D0-AA7B-CAC13E9E6533}"
EndProject
Global
	GlobalSection(SolutionConfigurationPlatforms) = preSolution
		Debug|Any CPU = Debug|Any CPU
		Release|Any CPU = Release|Any CPU
	EndGlobalSection
	GlobalSection(ProjectConfigurationPlatforms) = postSolution
		{01D1D753-0FE5-43D0-AA7B-CAC13E9E6533}.Debug|Any CPU.ActiveCfg = Debug|Any CPU
		{01D1D753-0FE5-43D0-AA7B-CAC13E9E6533}.Debug|Any CPU.Build.0 = Debug|Any CPU
		{01D1D753-0FE5-43D0-AA7B-CAC13E9E6533}.Release|Any CPU.ActiveCfg = Release|Any CPU
		{01D1D753-0FE5-43D0-AA7B-CAC13E9E6533}.Release|Any CPU.Build.0 = Release|Any CPU
	EndGlobalSection
	GlobalSection(SolutionProperties) = preSolution
		HideSolutionNode = FALSE
	EndGlobalSection
	GlobalSection(ExtensibilityGlobals) = postSolution
		SolutionGuid = {42AF11EE-4083-49AA-8AB0-F3B2D278D0F4}
	EndGlobalSection
EndGlobal
